
Microsoft Visual Studio Solution File, Format Version 12.00
# Visual Studio Version 16
VisualStudioVersion = 16.0.29215.179
MinimumVisualStudioVersion = 10.0.40219.1
Project("{FAE04EC0-301F-11D3-BF4B-00C04F79EFBC}") = "testCsharp", "testCsharp\testCsharp.csproj", "{AC54F3DD-8C29-48FB-8416-73F7816BE246}"
EndProject
Global
	GlobalSection(SolutionConfigurationPlatforms) = preSolution
		Debug|Any CPU = Debug|Any CPU
		Release|Any CPU = Release|Any CPU
	EndGlobalSection
	GlobalSection(ProjectConfigurationPlatforms) = postSolution
		{AC54F3DD-8C29-48FB-8416-73F7816BE246}.Debug|Any CPU.ActiveCfg = Debug|Any CPU
		{AC54F3DD-8C29-48FB-8416-73F7816BE246}.Debug|Any CPU.Build.0 = Debug|Any CPU
		{AC54F3DD-8C29-48FB-8416-73F7816BE246}.Release|Any CPU.ActiveCfg = Release|Any CPU
		{AC54F3DD-8C29-48FB-8416-73F7816BE246}.Release|Any CPU.Build.0 = Release|Any CPU
	EndGlobalSection
	GlobalSection(SolutionProperties) = preSolution
		HideSolutionNode = FALSE
	EndGlobalSection
	GlobalSection(ExtensibilityGlobals) = postSolution
		SolutionGuid = {88674B46-9E16-40EC-8D4F-DC9B9286B2D1}
	EndGlobalSection
EndGlobal
